
Microsoft Visual Studio Solution File, Format Version 12.00
# Visual Studio Version 16
VisualStudioVersion = 16.0.29409.12
MinimumVisualStudioVersion = 10.0.40219.1
Project("{FAE04EC0-301F-11D3-BF4B-00C04F79EFBC}") = "CSharpRestExample", "CSharpRestExample\CSharpRestExample.csproj", "{0DDCC683-10D4-49F5-AA95-F217AD16117D}"
EndProject
Project("{FAE04EC0-301F-11D3-BF4B-00C04F79EFBC}") = "CSharp.Rest.Authenticating", "CSharp.Rest.Authenticating\CSharp.Rest.Authenticating.csproj", "{914B9097-E3D6-4E15-8374-17A624293626}"
EndProject
Global
	GlobalSection(SolutionConfigurationPlatforms) = preSolution
		Debug|Any CPU = Debug|Any CPU
		Release|Any CPU = Release|Any CPU
	EndGlobalSection
	GlobalSection(ProjectConfigurationPlatforms) = postSolution
		{0DDCC683-10D4-49F5-AA95-F217AD16117D}.Debug|Any CPU.ActiveCfg = Debug|Any CPU
		{0DDCC683-10D4-49F5-AA95-F217AD16117D}.Debug|Any CPU.Build.0 = Debug|Any CPU
		{0DDCC683-10D4-49F5-AA95-F217AD16117D}.Release|Any CPU.ActiveCfg = Release|Any CPU
		{0DDCC683-10D4-49F5-AA95-F217AD16117D}.Release|Any CPU.Build.0 = Release|Any CPU
		{914B9097-E3D6-4E15-8374-17A624293626}.Debug|Any CPU.ActiveCfg = Debug|Any CPU
		{914B9097-E3D6-4E15-8374-17A624293626}.Debug|Any CPU.Build.0 = Debug|Any CPU
		{914B9097-E3D6-4E15-8374-17A624293626}.Release|Any CPU.ActiveCfg = Release|Any CPU
		{914B9097-E3D6-4E15-8374-17A624293626}.Release|Any CPU.Build.0 = Release|Any CPU
	EndGlobalSection
	GlobalSection(SolutionProperties) = preSolution
		HideSolutionNode = FALSE
	EndGlobalSection
	GlobalSection(ExtensibilityGlobals) = postSolution
		SolutionGuid = {4DEA3395-B6F1-4EA3-A7F3-2C251A6E9D90}
	EndGlobalSection
EndGlobal
